
Microsoft Visual Studio Solution File, Format Version 12.00
# Visual Studio 15
VisualStudioVersion = 15.0.28307.1401
MinimumVisualStudioVersion = 10.0.40219.1
Project("{FAE04EC0-301F-11D3-BF4B-00C04F79EFBC}") = "WebsiteShop", "WebsiteShop\WebsiteShop.csproj", "{00D6C95B-5DA1-4990-BE0A-9E1734301472}"
EndProject
Project("{FAE04EC0-301F-11D3-BF4B-00C04F79EFBC}") = "DatabaseIO", "DatabaseIO\DatabaseIO.csproj", "{1E7D73EF-E0F2-4B54-A807-DE45B22971CC}"
EndProject
Project("{FAE04EC0-301F-11D3-BF4B-00C04F79EFBC}") = "DatabaseProvider", "DatabaseProvider\DatabaseProvider.csproj", "{8051A7DD-3691-40A0-AF5D-EEE9FBE301B4}"
EndProject
Global
	GlobalSection(SolutionConfigurationPlatforms) = preSolution
		Debug|Any CPU = Debug|Any CPU
		Release|Any CPU = Release|Any CPU
	EndGlobalSection
	GlobalSection(ProjectConfigurationPlatforms) = postSolution
		{00D6C95B-5DA1-4990-BE0A-9E1734301472}.Debug|Any CPU.ActiveCfg = Debug|Any CPU
		{00D6C95B-5DA1-4990-BE0A-9E1734301472}.Debug|Any CPU.Build.0 = Debug|Any CPU
		{00D6C95B-5DA1-4990-BE0A-9E1734301472}.Release|Any CPU.ActiveCfg = Release|Any CPU
		{00D6C95B-5DA1-4990-BE0A-9E1734301472}.Release|Any CPU.Build.0 = Release|Any CPU
		{1E7D73EF-E0F2-4B54-A807-DE45B22971CC}.Debug|Any CPU.ActiveCfg = Debug|Any CPU
		{1E7D73EF-E0F2-4B54-A807-DE45B22971CC}.Debug|Any CPU.Build.0 = Debug|Any CPU
		{1E7D73EF-E0F2-4B54-A807-DE45B22971CC}.Release|Any CPU.ActiveCfg = Release|Any CPU
		{1E7D73EF-E0F2-4B54-A807-DE45B22971CC}.Release|Any CPU.Build.0 = Release|Any CPU
		{8051A7DD-3691-40A0-AF5D-EEE9FBE301B4}.Debug|Any CPU.ActiveCfg = Debug|Any CPU
		{8051A7DD-3691-40A0-AF5D-EEE9FBE301B4}.Debug|Any CPU.Build.0 = Debug|Any CPU
		{8051A7DD-3691-40A0-AF5D-EEE9FBE301B4}.Release|Any CPU.ActiveCfg = Release|Any CPU
		{8051A7DD-3691-40A0-AF5D-EEE9FBE301B4}.Release|Any CPU.Build.0 = Release|Any CPU
	EndGlobalSection
	GlobalSection(SolutionProperties) = preSolution
		HideSolutionNode = FALSE
	EndGlobalSection
	GlobalSection(ExtensibilityGlobals) = postSolution
		SolutionGuid = {69328C69-4436-45BA-B53E-1E7907E7A5E3}
	EndGlobalSection
EndGlobal
